PODS:
  - MyLib (0.1.0)
  - Specta (1.0.7)

DEPENDENCIES:
  - MyLib (from `../MyLib.podspec`)
  - Specta

EXTERNAL SOURCES:
  MyLib:
    :path: "../MyLib.podspec"

SPEC CHECKSUMS:
  MyLib: 181d21106dab0d27db6c9810c228b70d54d8fd38
  Specta: 3e1bd89c3517421982dc4d1c992503e48bd5fe66

PODFILE CHECKSUM: 9ccf4812ba39e2b4c471a0e222535f985c9ce5a8

COCOAPODS: 1.2.1
